
Microsoft Visual Studio Solution File, Format Version 12.00
# Visual Studio Version 17
VisualStudioVersion = 17.8.34205.153
MinimumVisualStudioVersion = 10.0.40219.1
Project("{FAE04EC0-301F-11D3-BF4B-00C04F79EFBC}") = "SumTreeValues", "SumTreeValues\SumTreeValues.csproj", "{ED9BBD6D-7938-4819-B73E-C20D47C6092A}"
EndProject
Global
	GlobalSection(SolutionConfigurationPlatforms) = preSolution
		Debug|Any CPU = Debug|Any CPU
		Release|Any CPU = Release|Any CPU
	EndGlobalSection
	GlobalSection(ProjectConfigurationPlatforms) = postSolution
		{ED9BBD6D-7938-4819-B73E-C20D47C6092A}.Debug|Any CPU.ActiveCfg = Debug|Any CPU
		{ED9BBD6D-7938-4819-B73E-C20D47C6092A}.Debug|Any CPU.Build.0 = Debug|Any CPU
		{ED9BBD6D-7938-4819-B73E-C20D47C6092A}.Release|Any CPU.ActiveCfg = Release|Any CPU
		{ED9BBD6D-7938-4819-B73E-C20D47C6092A}.Release|Any CPU.Build.0 = Release|Any CPU
	EndGlobalSection
	GlobalSection(SolutionProperties) = preSolution
		HideSolutionNode = FALSE
	EndGlobalSection
	GlobalSection(ExtensibilityGlobals) = postSolution
		SolutionGuid = {136AD91D-3FE3-4E77-B17B-AA99E5FF0303}
	EndGlobalSection
EndGlobal
